
Microsoft Visual Studio Solution File, Format Version 12.00
# Visual Studio Version 16
VisualStudioVersion = 16.0.28705.295
MinimumVisualStudioVersion = 10.0.40219.1
Project("{FAE04EC0-301F-11D3-BF4B-00C04F79EFBC}") = "mpSummLength", "mpSummLength\mpSummLength.csproj", "{F1578C2F-B99A-4123-9ECA-631C2D392978}"
EndProject
Project("{9A19103F-16F7-4668-BE54-9A1E7A4F7556}") = "_build", "build\_build.csproj", "{546D69F3-4037-4F0D-9910-BEA39935DD39}"
EndProject
Global
	GlobalSection(SolutionConfigurationPlatforms) = preSolution
		A2013|x64 = A2013|x64
		A2014|x64 = A2014|x64
		A2015|x64 = A2015|x64
		A2016|x64 = A2016|x64
		A2017|x64 = A2017|x64
		A2018|x64 = A2018|x64
		A2019|x64 = A2019|x64
		A2020|x64 = A2020|x64
		A2021|x64 = A2021|x64
		Debug|x64 = Debug|x64
	EndGlobalSection
	GlobalSection(ProjectConfigurationPlatforms) = postSolution
		{F1578C2F-B99A-4123-9ECA-631C2D392978}.A2013|x64.ActiveCfg = A2013|x64
		{F1578C2F-B99A-4123-9ECA-631C2D392978}.A2013|x64.Build.0 = A2013|x64
		{F1578C2F-B99A-4123-9ECA-631C2D392978}.A2014|x64.ActiveCfg = A2014|x64
		{F1578C2F-B99A-4123-9ECA-631C2D392978}.A2014|x64.Build.0 = A2014|x64
		{F1578C2F-B99A-4123-9ECA-631C2D392978}.A2015|x64.ActiveCfg = A2015|x64
		{F1578C2F-B99A-4123-9ECA-631C2D392978}.A2015|x64.Build.0 = A2015|x64
		{F1578C2F-B99A-4123-9ECA-631C2D392978}.A2016|x64.ActiveCfg = A2016|x64
		{F1578C2F-B99A-4123-9ECA-631C2D392978}.A2016|x64.Build.0 = A2016|x64
		{F1578C2F-B99A-4123-9ECA-631C2D392978}.A2017|x64.ActiveCfg = A2017|x64
		{F1578C2F-B99A-4123-9ECA-631C2D392978}.A2017|x64.Build.0 = A2017|x64
		{F1578C2F-B99A-4123-9ECA-631C2D392978}.A2018|x64.ActiveCfg = A2018|x64
		{F1578C2F-B99A-4123-9ECA-631C2D392978}.A2018|x64.Build.0 = A2018|x64
		{F1578C2F-B99A-4123-9ECA-631C2D392978}.A2019|x64.ActiveCfg = A2019|x64
		{F1578C2F-B99A-4123-9ECA-631C2D392978}.A2019|x64.Build.0 = A2019|x64
		{F1578C2F-B99A-4123-9ECA-631C2D392978}.A2020|x64.ActiveCfg = A2020|x64
		{F1578C2F-B99A-4123-9ECA-631C2D392978}.A2020|x64.Build.0 = A2020|x64
		{F1578C2F-B99A-4123-9ECA-631C2D392978}.A2021|x64.ActiveCfg = A2021|x64
		{F1578C2F-B99A-4123-9ECA-631C2D392978}.A2021|x64.Build.0 = A2021|x64
		{F1578C2F-B99A-4123-9ECA-631C2D392978}.Debug|x64.ActiveCfg = Debug|x64
		{546D69F3-4037-4F0D-9910-BEA39935DD39}.A2013|x64.ActiveCfg = Debug|Any CPU
		{546D69F3-4037-4F0D-9910-BEA39935DD39}.A2013|x64.Build.0 = Debug|Any CPU
		{546D69F3-4037-4F0D-9910-BEA39935DD39}.A2014|x64.ActiveCfg = Debug|Any CPU
		{546D69F3-4037-4F0D-9910-BEA39935DD39}.A2014|x64.Build.0 = Debug|Any CPU
		{546D69F3-4037-4F0D-9910-BEA39935DD39}.A2015|x64.ActiveCfg = Debug|Any CPU
		{546D69F3-4037-4F0D-9910-BEA39935DD39}.A2015|x64.Build.0 = Debug|Any CPU
		{546D69F3-4037-4F0D-9910-BEA39935DD39}.A2016|x64.ActiveCfg = Debug|Any CPU
		{546D69F3-4037-4F0D-9910-BEA39935DD39}.A2016|x64.Build.0 = Debug|Any CPU
		{546D69F3-4037-4F0D-9910-BEA39935DD39}.A2017|x64.ActiveCfg = Debug|Any CPU
		{546D69F3-4037-4F0D-9910-BEA39935DD39}.A2017|x64.Build.0 = Debug|Any CPU
		{546D69F3-4037-4F0D-9910-BEA39935DD39}.A2018|x64.ActiveCfg = Debug|Any CPU
		{546D69F3-4037-4F0D-9910-BEA39935DD39}.A2018|x64.Build.0 = Debug|Any CPU
		{546D69F3-4037-4F0D-9910-BEA39935DD39}.A2019|x64.ActiveCfg = Debug|Any CPU
		{546D69F3-4037-4F0D-9910-BEA39935DD39}.A2019|x64.Build.0 = Debug|Any CPU
		{546D69F3-4037-4F0D-9910-BEA39935DD39}.A2020|x64.ActiveCfg = Debug|Any CPU
		{546D69F3-4037-4F0D-9910-BEA39935DD39}.A2020|x64.Build.0 = Debug|Any CPU
		{546D69F3-4037-4F0D-9910-BEA39935DD39}.A2021|x64.ActiveCfg = Debug|Any CPU
		{546D69F3-4037-4F0D-9910-BEA39935DD39}.A2021|x64.Build.0 = Debug|Any CPU
		{546D69F3-4037-4F0D-9910-BEA39935DD39}.Debug|x64.ActiveCfg = Debug|Any CPU
		{546D69F3-4037-4F0D-9910-BEA39935DD39}.Debug|x64.Build.0 = Debug|Any CPU
	EndGlobalSection
	GlobalSection(SolutionProperties) = preSolution
		HideSolutionNode = FALSE
	EndGlobalSection
	GlobalSection(ExtensibilityGlobals) = postSolution
		SolutionGuid = {C5E3BE26-E69A-4628-AC4E-D3B9A783870B}
	EndGlobalSection
EndGlobal
